version: v2
locks:
  u/admin2/aggregate_strategy_decisions: 5fd00d63d0d9916317146f22d0824cf582095c2c497767c4cfc9eee96e491517
  u/admin2/archive_stock_config: 8437bcef5c53ed5824dd713ffb6c1ae066ec7c563a32ce23ab67726e22c4ffa7
  u/admin2/decide_signal_approval: 3a86aef15141f501127a0b06b497c32f8b232b8d829e6c2ae05a21723ba07380
  u/admin2/dispatch_due_symbols: df96d5bcecd3ffc7462fcc7239b32e87712aad1d530bdc3f1734b5701ca0a349
  u/admin2/eloquent_script: 6f11086fbd5016b2dca1d07c9c48299a173dfc6fafe635367b193dceafba5453
  u/admin2/execute_ibkr_order__flow+__flow_hash: 44136fa355b3678a1146ad16f7e8649e94fb4fc21fe77e8310c060f61caaff8a
  u/admin2/finalize_strategy_engine_output: c0edae8b59a88f7d7bb3f88e303dc5705bc4f91a09de669aa929b18749a4bb12
  u/admin2/generate_integrated_ibkr_signal: f8bb5da3c2d62eb0eb74e247776d585ccc1109a5a634095c546c1c54200e635f
  u/admin2/generate_signal_chart: f8fcdbc2ef6b4ab509601e61eb0f001df28a669bdbd296eaf0165af314a115a9
  u/admin2/get_contract_symbols: 4abfadcac2bb0656bddb037b272f87f685e98fc1b71ed5e5191d777f6f1b9c28
  u/admin2/get_portfolio_dashboard: b0f11914e962d3663f270043a332a1ba730948476388c7ee9c4a2ab2ecbcdd05
  u/admin2/get_signal_run_detail: ee409d5c7ba5195e768cd294d24c3343cbfeb77f591500393b58ea9086fb943c
  u/admin2/getsymboldata__flow+__flow_hash: 44136fa355b3678a1146ad16f7e8649e94fb4fc21fe77e8310c060f61caaff8a
  u/admin2/ibkr_fetch_report_data: d61cd76953ff66f4693f9867d0640b4a6117773c527e730846ed77ea7548e6f1
  u/admin2/ibkr_strategy_dispatch_daily__flow+__flow_hash: 44136fa355b3678a1146ad16f7e8649e94fb4fc21fe77e8310c060f61caaff8a
  u/admin2/ibkr_strategy_engine__flow+__flow_hash: 44136fa355b3678a1146ad16f7e8649e94fb4fc21fe77e8310c060f61caaff8a
  u/admin2/ibkr_symbol_conid: 5886c8ccbb40d4bd3c4da4f433a29d9761bc7c7971f9b95e818e4c2fa6169280
  u/admin2/insert_db_data: 36ff040a4caacb27c2524fcb84179b45dd70b6d93ceccb24f5354dfd8342906e
  u/admin2/invoke_execution_flow: 5d637d16fc798431dd8f7761cefeeb7c7b69ca15ded2fa90b5b57d1f12c2d776
  u/admin2/list_pending_approvals: 4424876457c7874c9addeba110cbb94c8e52ba9f2636ff35f7fd48fc5063a2cb
  u/admin2/list_signal_runs: d85c4d62726192d0a1e43cb3c0e61bdba8209fefe78ac13ea45fdfbd429ed48c
  u/admin2/list_stock_configs: 592e8e042b1089e7daecf0c85666c278827346643073ac7d0436fcc4efdf3c8a
  u/admin2/load_strategy_context: c8b4e3fac6573acbbadc719bce2a7a44845bf91b3268f10cba4901b82147faa2
  u/admin2/migrate_llm_defaults_to_capi_customai: 87df9fed45eb90d5535162e8e5694e7e4110117e15d23966360a3dfcdc9bd0fa
  u/admin2/persist_signal_run: 112e3307dc0e2bc0af01b13e7b246d177b728e040cb2c0898399dd29c977ef68
  u/admin2/place_ibkr_signal_order: 5f4e01e7f8bbe03d7dc35ec611a74fe12823ee8c2d6b1631cebcb454a5a759c9
  u/admin2/rapt_script: be1aea20865d1f57723f3a497f191e78acf22d58617523637a05765f118e2f28
  u/admin2/record_execution_event: 793676fff55d80acf32c71c39b5a91164f84e368922eceb4c248df166bae88b0
  u/admin2/render_stock_report: 357048ed0528130c7da559c9c862e65b5b2f594c461f59a11d2584bc4b547e4d
  u/admin2/run_active_strategies: 737e0d4cf3b20fdd5df29ef9ae2249bb8d1160c6ce23f3fe34464d93d30e093d
  u/admin2/run_stock_report: 6ff914ff546cc8f509054941cc88d12ac7f9d624131baf8ad393c9064ee2751a
  u/admin2/run_symbol_signal_now: 62571cefba39283a036fe55aa9836f12b94ddcb991c62cf86424e677fdb72082
  u/admin2/strategy_daily_weekly_llm__flow+__flow_hash: 44136fa355b3678a1146ad16f7e8649e94fb4fc21fe77e8310c060f61caaff8a
  u/admin2/symbolcomic: dba0538b03be3007297041d4e6fd5ece8bf8caac39c0f359fcef79625c906de6
  u/admin2/sync_ibkr_portfolio: 21a6754d8aca9d68e3f5d944faa871f9068a78aebd7b80b8c057ede904fe1b73
  u/admin2/test_capi_customai_probe: c7d309bcb9962f76b72c276f89c8b868ed052a6ccbdbf025c9ff23469add420e
  u/admin2/test_db: 2b77515d616a07897a9083cb2c6c1cf6e5c01706ee01dbc08228177e78c515ff
  u/admin2/trusty_app__raw_app+__app_hash: 44136fa355b3678a1146ad16f7e8649e94fb4fc21fe77e8310c060f61caaff8a
  u/admin2/upsert_stock_config: a89df9883b69f501269e407e22be44fa38222d1e47bba54525cddbe88ca8fbb2
